// !$*UTF8*$!
{
	archiveVersion = 1;
	classes = {
	};
	objectVersion = 50;
	objects = {

/* Begin PBXBuildFile section */
		600183852284559700C28E22 /* NodeNetwork.swift in Sources */ = {isa = PBXBuildFile; fileRef = 601E716F21F922D3003011F8 /* NodeNetwork.swift */; };
		601E710421F8B2DA003011F8 /* main.swift in Sources */ = {isa = PBXBuildFile; fileRef = 601E710321F8B2DA003011F8 /* main.swift */; };
		601E714121F8C914003011F8 /* String+extension.swift in Sources */ = {isa = PBXBuildFile; fileRef = 601E714021F8C914003011F8 /* String+extension.swift */; };
		601E715A21F919A9003011F8 /* SoloTest.swift in Sources */ = {isa = PBXBuildFile; fileRef = 601E715921F919A9003011F8 /* SoloTest.swift */; };
		601E716121F91AB7003011F8 /* Block.swift in Sources */ = {isa = PBXBuildFile; fileRef = 601E716021F91AB7003011F8 /* Block.swift */; };
		601E716321F91C36003011F8 /* Blockchain.swift in Sources */ = {isa = PBXBuildFile; fileRef = 601E716221F91C36003011F8 /* Blockchain.swift */; };
		601E716A21F92218003011F8 /* Block.swift in Sources */ = {isa = PBXBuildFile; fileRef = 601E716021F91AB7003011F8 /* Block.swift */; };
		601E716B21F92218003011F8 /* Blockchain.swift in Sources */ = {isa = PBXBuildFile; fileRef = 601E716221F91C36003011F8 /* Blockchain.swift */; };
		601E716C21F92218003011F8 /* String+extension.swift in Sources */ = {isa = PBXBuildFile; fileRef = 601E714021F8C914003011F8 /* String+extension.swift */; };
		601E716D21F92218003011F8 /* main.swift in Sources */ = {isa = PBXBuildFile; fileRef = 601E710321F8B2DA003011F8 /* main.swift */; };
		601E717021F922D3003011F8 /* NodeNetwork.swift in Sources */ = {isa = PBXBuildFile; fileRef = 601E716F21F922D3003011F8 /* NodeNetwork.swift */; };
		601E717221F9241E003011F8 /* Ledger.swift in Sources */ = {isa = PBXBuildFile; fileRef = 601E717121F9241E003011F8 /* Ledger.swift */; };
		601E717321F924FF003011F8 /* Ledger.swift in Sources */ = {isa = PBXBuildFile; fileRef = 601E717121F9241E003011F8 /* Ledger.swift */; };
		601E717521F92598003011F8 /* Payload.swift in Sources */ = {isa = PBXBuildFile; fileRef = 601E717421F92598003011F8 /* Payload.swift */; };
		601E717621F925DF003011F8 /* Payload.swift in Sources */ = {isa = PBXBuildFile; fileRef = 601E717421F92598003011F8 /* Payload.swift */; };
		601E717821F9305F003011F8 /* Measurement.swift in Sources */ = {isa = PBXBuildFile; fileRef = 601E717721F9305F003011F8 /* Measurement.swift */; };
		601E717921F9307A003011F8 /* Measurement.swift in Sources */ = {isa = PBXBuildFile; fileRef = 601E717721F9305F003011F8 /* Measurement.swift */; };
		604AAA552288115C0049491F /* LedgerLogging.swift in Sources */ = {isa = PBXBuildFile; fileRef = 604AAA542288115C0049491F /* LedgerLogging.swift */; };
		604AAA56228811AA0049491F /* LedgerLogging.swift in Sources */ = {isa = PBXBuildFile; fileRef = 604AAA542288115C0049491F /* LedgerLogging.swift */; };
		60AA4AD7226DD623000AC5CD /* TransactionData.swift in Sources */ = {isa = PBXBuildFile; fileRef = 60AA4AD6226DD623000AC5CD /* TransactionData.swift */; };
		60AA4AD9226DD6B4000AC5CD /* Transaction.swift in Sources */ = {isa = PBXBuildFile; fileRef = 60AA4AD8226DD6B4000AC5CD /* Transaction.swift */; };
		60AA4ADA226F57A0000AC5CD /* TransactionData.swift in Sources */ = {isa = PBXBuildFile; fileRef = 60AA4AD6226DD623000AC5CD /* TransactionData.swift */; };
		60AA4ADB226F57A0000AC5CD /* Transaction.swift in Sources */ = {isa = PBXBuildFile; fileRef = 60AA4AD8226DD6B4000AC5CD /* Transaction.swift */; };
		60AA4ADD227027D8000AC5CD /* NetworkTest.swift in Sources */ = {isa = PBXBuildFile; fileRef = 60AA4ADC227027D8000AC5CD /* NetworkTest.swift */; };
/* End PBXBuildFile section */

/* Begin PBXCopyFilesBuildPhase section */
		601E70FE21F8B2DA003011F8 /* CopyFiles */ = {
			isa = PBXCopyFilesBuildPhase;
			buildActionMask = 2147483647;
			dstPath = /usr/share/man/man1/;
			dstSubfolderSpec = 0;
			files = (
			);
			runOnlyForDeploymentPostprocessing = 1;
		};
/* End PBXCopyFilesBuildPhase section */

/* Begin PBXFileReference section */
		601E710021F8B2DA003011F8 /* CoinSwiftPrototype */ = {isa = PBXFileReference; explicitFileType = "compiled.mach-o.executable"; includeInIndex = 0; path = CoinSwiftPrototype; sourceTree = BUILT_PRODUCTS_DIR; };
		601E710321F8B2DA003011F8 /* main.swift */ = {isa = PBXFileReference; lastKnownFileType = sourcecode.swift; path = main.swift; sourceTree = "<group>"; };
		601E714021F8C914003011F8 /* String+extension.swift */ = {isa = PBXFileReference; lastKnownFileType = sourcecode.swift; path = "String+extension.swift"; sourceTree = "<group>"; };
		601E715721F919A9003011F8 /* CoinPrototypeTest.xctest */ = {isa = PBXFileReference; explicitFileType = wrapper.cfbundle; includeInIndex = 0; path = CoinPrototypeTest.xctest; sourceTree = BUILT_PRODUCTS_DIR; };
		601E715921F919A9003011F8 /* SoloTest.swift */ = {isa = PBXFileReference; lastKnownFileType = sourcecode.swift; path = SoloTest.swift; sourceTree = "<group>"; };
		601E715B21F919A9003011F8 /* Info.plist */ = {isa = PBXFileReference; lastKnownFileType = text.plist.xml; path = Info.plist; sourceTree = "<group>"; };
		601E716021F91AB7003011F8 /* Block.swift */ = {isa = PBXFileReference; lastKnownFileType = sourcecode.swift; path = Block.swift; sourceTree = "<group>"; };
		601E716221F91C36003011F8 /* Blockchain.swift */ = {isa = PBXFileReference; lastKnownFileType = sourcecode.swift; path = Blockchain.swift; sourceTree = "<group>"; };
		601E716F21F922D3003011F8 /* NodeNetwork.swift */ = {isa = PBXFileReference; lastKnownFileType = sourcecode.swift; path = NodeNetwork.swift; sourceTree = "<group>"; };
		601E717121F9241E003011F8 /* Ledger.swift */ = {isa = PBXFileReference; lastKnownFileType = sourcecode.swift; path = Ledger.swift; sourceTree = "<group>"; };
		601E717421F92598003011F8 /* Payload.swift */ = {isa = PBXFileReference; lastKnownFileType = sourcecode.swift; path = Payload.swift; sourceTree = "<group>"; };
		601E717721F9305F003011F8 /* Measurement.swift */ = {isa = PBXFileReference; lastKnownFileType = sourcecode.swift; path = Measurement.swift; sourceTree = "<group>"; };
		604AAA542288115C0049491F /* LedgerLogging.swift */ = {isa = PBXFileReference; lastKnownFileType = sourcecode.swift; path = LedgerLogging.swift; sourceTree = "<group>"; };
		60AA4AD6226DD623000AC5CD /* TransactionData.swift */ = {isa = PBXFileReference; lastKnownFileType = sourcecode.swift; path = TransactionData.swift; sourceTree = "<group>"; };
		60AA4AD8226DD6B4000AC5CD /* Transaction.swift */ = {isa = PBXFileReference; lastKnownFileType = sourcecode.swift; path = Transaction.swift; sourceTree = "<group>"; };
		60AA4ADC227027D8000AC5CD /* NetworkTest.swift */ = {isa = PBXFileReference; lastKnownFileType = sourcecode.swift; path = NetworkTest.swift; sourceTree = "<group>"; };
/* End PBXFileReference section */

/* Begin PBXFrameworksBuildPhase section */
		601E70FD21F8B2DA003011F8 /* Frameworks */ = {
			isa = PBXFrameworksBuildPhase;
			buildActionMask = 2147483647;
			files = (
			);
			runOnlyForDeploymentPostprocessing = 0;
		};
		601E715421F919A9003011F8 /* Frameworks */ = {
			isa = PBXFrameworksBuildPhase;
			buildActionMask = 2147483647;
			files = (
			);
			runOnlyForDeploymentPostprocessing = 0;
		};
/* End PBXFrameworksBuildPhase section */

/* Begin PBXGroup section */
		601E70F721F8B2DA003011F8 = {
			isa = PBXGroup;
			children = (
				601E710221F8B2DA003011F8 /* CoinSwiftPrototype */,
				601E710321F8B2DA003011F8 /* main.swift */,
				601E715821F919A9003011F8 /* CoinPrototypeTest */,
				601E710121F8B2DA003011F8 /* Products */,
			);
			sourceTree = "<group>";
		};
		601E710121F8B2DA003011F8 /* Products */ = {
			isa = PBXGroup;
			children = (
				601E710021F8B2DA003011F8 /* CoinSwiftPrototype */,
				601E715721F919A9003011F8 /* CoinPrototypeTest.xctest */,
			);
			name = Products;
			sourceTree = "<group>";
		};
		601E710221F8B2DA003011F8 /* CoinSwiftPrototype */ = {
			isa = PBXGroup;
			children = (
				601E715F21F91AAC003011F8 /* Model */,
				601E714321F8C92D003011F8 /* Controller */,
				601E714221F8C91E003011F8 /* Utilities */,
			);
			path = CoinSwiftPrototype;
			sourceTree = "<group>";
		};
		601E714221F8C91E003011F8 /* Utilities */ = {
			isa = PBXGroup;
			children = (
				601E714021F8C914003011F8 /* String+extension.swift */,
				601E717721F9305F003011F8 /* Measurement.swift */,
			);
			path = Utilities;
			sourceTree = "<group>";
		};
		601E714321F8C92D003011F8 /* Controller */ = {
			isa = PBXGroup;
			children = (
				601E717121F9241E003011F8 /* Ledger.swift */,
				604AAA542288115C0049491F /* LedgerLogging.swift */,
				601E716F21F922D3003011F8 /* NodeNetwork.swift */,
			);
			path = Controller;
			sourceTree = "<group>";
		};
		601E715821F919A9003011F8 /* CoinPrototypeTest */ = {
			isa = PBXGroup;
			children = (
				60AA4ADC227027D8000AC5CD /* NetworkTest.swift */,
				601E715921F919A9003011F8 /* SoloTest.swift */,
				601E715B21F919A9003011F8 /* Info.plist */,
			);
			path = CoinPrototypeTest;
			sourceTree = "<group>";
		};
		601E715F21F91AAC003011F8 /* Model */ = {
			isa = PBXGroup;
			children = (
				60AA4AD6226DD623000AC5CD /* TransactionData.swift */,
				60AA4AD8226DD6B4000AC5CD /* Transaction.swift */,
				601E717421F92598003011F8 /* Payload.swift */,
				601E716021F91AB7003011F8 /* Block.swift */,
				601E716221F91C36003011F8 /* Blockchain.swift */,
			);
			path = Model;
			sourceTree = "<group>";
		};
/* End PBXGroup section */

/* Begin PBXNativeTarget section */
		601E70FF21F8B2DA003011F8 /* CoinSwiftPrototype */ = {
			isa = PBXNativeTarget;
			buildConfigurationList = 601E710721F8B2DA003011F8 /* Build configuration list for PBXNativeTarget "CoinSwiftPrototype" */;
			buildPhases = (
				601E70FC21F8B2DA003011F8 /* Sources */,
				601E70FD21F8B2DA003011F8 /* Frameworks */,
				601E70FE21F8B2DA003011F8 /* CopyFiles */,
			);
			buildRules = (
			);
			dependencies = (
			);
			name = CoinSwiftPrototype;
			productName = CoinSwiftPrototype;
			productReference = 601E710021F8B2DA003011F8 /* CoinSwiftPrototype */;
			productType = "com.apple.product-type.tool";
		};
		601E715621F919A9003011F8 /* CoinPrototypeTest */ = {
			isa = PBXNativeTarget;
			buildConfigurationList = 601E715C21F919A9003011F8 /* Build configuration list for PBXNativeTarget "CoinPrototypeTest" */;
			buildPhases = (
				601E715321F919A9003011F8 /* Sources */,
				601E715421F919A9003011F8 /* Frameworks */,
				601E715521F919A9003011F8 /* Resources */,
			);
			buildRules = (
			);
			dependencies = (
			);
			name = CoinPrototypeTest;
			productName = CoinPrototypeTest;
			productReference = 601E715721F919A9003011F8 /* CoinPrototypeTest.xctest */;
			productType = "com.apple.product-type.bundle.unit-test";
		};
/* End PBXNativeTarget section */

/* Begin PBXProject section */
		601E70F821F8B2DA003011F8 /* Project object */ = {
			isa = PBXProject;
			attributes = {
				LastSwiftUpdateCheck = 1010;
				LastUpgradeCheck = 1010;
				ORGANIZATIONNAME = McL;
				TargetAttributes = {
					601E70FF21F8B2DA003011F8 = {
						CreatedOnToolsVersion = 10.1;
					};
					601E715621F919A9003011F8 = {
						CreatedOnToolsVersion = 10.1;
					};
				};
			};
			buildConfigurationList = 601E70FB21F8B2DA003011F8 /* Build configuration list for PBXProject "CoinSwiftPrototype" */;
			compatibilityVersion = "Xcode 9.3";
			developmentRegion = en;
			hasScannedForEncodings = 0;
			knownRegions = (
				en,
			);
			mainGroup = 601E70F721F8B2DA003011F8;
			productRefGroup = 601E710121F8B2DA003011F8 /* Products */;
			projectDirPath = "";
			projectRoot = "";
			targets = (
				601E70FF21F8B2DA003011F8 /* CoinSwiftPrototype */,
				601E715621F919A9003011F8 /* CoinPrototypeTest */,
			);
		};
/* End PBXProject section */

/* Begin PBXResourcesBuildPhase section */
		601E715521F919A9003011F8 /* Resources */ = {
			isa = PBXResourcesBuildPhase;
			buildActionMask = 2147483647;
			files = (
			);
			runOnlyForDeploymentPostprocessing = 0;
		};
/* End PBXResourcesBuildPhase section */

/* Begin PBXSourcesBuildPhase section */
		601E70FC21F8B2DA003011F8 /* Sources */ = {
			isa = PBXSourcesBuildPhase;
			buildActionMask = 2147483647;
			files = (
				601E717521F92598003011F8 /* Payload.swift in Sources */,
				601E716121F91AB7003011F8 /* Block.swift in Sources */,
				60AA4AD7226DD623000AC5CD /* TransactionData.swift in Sources */,
				604AAA552288115C0049491F /* LedgerLogging.swift in Sources */,
				601E717821F9305F003011F8 /* Measurement.swift in Sources */,
				601E717221F9241E003011F8 /* Ledger.swift in Sources */,
				601E716321F91C36003011F8 /* Blockchain.swift in Sources */,
				601E710421F8B2DA003011F8 /* main.swift in Sources */,
				601E714121F8C914003011F8 /* String+extension.swift in Sources */,
				600183852284559700C28E22 /* NodeNetwork.swift in Sources */,
				60AA4AD9226DD6B4000AC5CD /* Transaction.swift in Sources */,
			);
			runOnlyForDeploymentPostprocessing = 0;
		};
		601E715321F919A9003011F8 /* Sources */ = {
			isa = PBXSourcesBuildPhase;
			buildActionMask = 2147483647;
			files = (
				604AAA56228811AA0049491F /* LedgerLogging.swift in Sources */,
				60AA4ADA226F57A0000AC5CD /* TransactionData.swift in Sources */,
				60AA4ADB226F57A0000AC5CD /* Transaction.swift in Sources */,
				601E717921F9307A003011F8 /* Measurement.swift in Sources */,
				601E717621F925DF003011F8 /* Payload.swift in Sources */,
				601E717321F924FF003011F8 /* Ledger.swift in Sources */,
				601E716A21F92218003011F8 /* Block.swift in Sources */,
				601E716B21F92218003011F8 /* Blockchain.swift in Sources */,
				601E716C21F92218003011F8 /* String+extension.swift in Sources */,
				601E716D21F92218003011F8 /* main.swift in Sources */,
				601E717021F922D3003011F8 /* NodeNetwork.swift in Sources */,
				60AA4ADD227027D8000AC5CD /* NetworkTest.swift in Sources */,
				601E715A21F919A9003011F8 /* SoloTest.swift in Sources */,
			);
			runOnlyForDeploymentPostprocessing = 0;
		};
/* End PBXSourcesBuildPhase section */

/* Begin XCBuildConfiguration section */
		601E710521F8B2DA003011F8 /* Debug */ = {
			isa = XCBuildConfiguration;
			buildSettings = {
				ALWAYS_SEARCH_USER_PATHS = NO;
				CLANG_ANALYZER_NONNULL = YES;
				CLANG_ANALYZER_NUMBER_OBJECT_CONVERSION = YES_AGGRESSIVE;
				CLANG_CXX_LANGUAGE_STANDARD = "gnu++14";
				CLANG_CXX_LIBRARY = "libc++";
				CLANG_ENABLE_MODULES = YES;
				CLANG_ENABLE_OBJC_ARC = YES;
				CLANG_ENABLE_OBJC_WEAK = YES;
				CLANG_WARN_BLOCK_CAPTURE_AUTORELEASING = YES;
				CLANG_WARN_BOOL_CONVERSION = YES;
				CLANG_WARN_COMMA = YES;
				CLANG_WARN_CONSTANT_CONVERSION = YES;
				CLANG_WARN_DEPRECATED_OBJC_IMPLEMENTATIONS = YES;
				CLANG_WARN_DIRECT_OBJC_ISA_USAGE = YES_ERROR;
				CLANG_WARN_DOCUMENTATION_COMMENTS = YES;
				CLANG_WARN_EMPTY_BODY = YES;
				CLANG_WARN_ENUM_CONVERSION = YES;
				CLANG_WARN_INFINITE_RECURSION = YES;
				CLANG_WARN_INT_CONVERSION = YES;
				CLANG_WARN_NON_LITERAL_NULL_CONVERSION = YES;
				CLANG_WARN_OBJC_IMPLICIT_RETAIN_SELF = YES;
				CLANG_WARN_OBJC_LITERAL_CONVERSION = YES;
				CLANG_WARN_OBJC_ROOT_CLASS = YES_ERROR;
				CLANG_WARN_RANGE_LOOP_ANALYSIS = YES;
				CLANG_WARN_STRICT_PROTOTYPES = YES;
				CLANG_WARN_SUSPICIOUS_MOVE = YES;
				CLANG_WARN_UNGUARDED_AVAILABILITY = YES_AGGRESSIVE;
				CLANG_WARN_UNREACHABLE_CODE = YES;
				CLANG_WARN__DUPLICATE_METHOD_MATCH = YES;
				CODE_SIGN_IDENTITY = "Mac Developer";
				COPY_PHASE_STRIP = NO;
				DEBUG_INFORMATION_FORMAT = dwarf;
				ENABLE_STRICT_OBJC_MSGSEND = YES;
				ENABLE_TESTABILITY = YES;
				GCC_C_LANGUAGE_STANDARD = gnu11;
				GCC_DYNAMIC_NO_PIC = NO;
				GCC_NO_COMMON_BLOCKS = YES;
				GCC_OPTIMIZATION_LEVEL = 0;
				GCC_PREPROCESSOR_DEFINITIONS = (
					"DEBUG=1",
					"$(inherited)",
				);
				GCC_WARN_64_TO_32_BIT_CONVERSION = YES;
				GCC_WARN_ABOUT_RETURN_TYPE = YES_ERROR;
				GCC_WARN_UNDECLARED_SELECTOR = YES;
				GCC_WARN_UNINITIALIZED_AUTOS = YES_AGGRESSIVE;
				GCC_WARN_UNUSED_FUNCTION = YES;
				GCC_WARN_UNUSED_VARIABLE = YES;
				MACOSX_DEPLOYMENT_TARGET = 10.13;
				MTL_ENABLE_DEBUG_INFO = INCLUDE_SOURCE;
				MTL_FAST_MATH = YES;
				ONLY_ACTIVE_ARCH = YES;
				SDKROOT = macosx;
				SWIFT_ACTIVE_COMPILATION_CONDITIONS = DEBUG;
				SWIFT_OPTIMIZATION_LEVEL = "-Onone";
			};
			name = Debug;
		};
		601E710621F8B2DA003011F8 /* Release */ = {
			isa = XCBuildConfiguration;
			buildSettings = {
				ALWAYS_SEARCH_USER_PATHS = NO;
				CLANG_ANALYZER_NONNULL = YES;
				CLANG_ANALYZER_NUMBER_OBJECT_CONVERSION = YES_AGGRESSIVE;
				CLANG_CXX_LANGUAGE_STANDARD = "gnu++14";
				CLANG_CXX_LIBRARY = "libc++";
				CLANG_ENABLE_MODULES = YES;
				CLANG_ENABLE_OBJC_ARC = YES;
				CLANG_ENABLE_OBJC_WEAK = YES;
				CLANG_WARN_BLOCK_CAPTURE_AUTORELEASING = YES;
				CLANG_WARN_BOOL_CONVERSION = YES;
				CLANG_WARN_COMMA = YES;
				CLANG_WARN_CONSTANT_CONVERSION = YES;
				CLANG_WARN_DEPRECATED_OBJC_IMPLEMENTATIONS = YES;
				CLANG_WARN_DIRECT_OBJC_ISA_USAGE = YES_ERROR;
				CLANG_WARN_DOCUMENTATION_COMMENTS = YES;
				CLANG_WARN_EMPTY_BODY = YES;
				CLANG_WARN_ENUM_CONVERSION = YES;
				CLANG_WARN_INFINITE_RECURSION = YES;
				CLANG_WARN_INT_CONVERSION = YES;
				CLANG_WARN_NON_LITERAL_NULL_CONVERSION = YES;
				CLANG_WARN_OBJC_IMPLICIT_RETAIN_SELF = YES;
				CLANG_WARN_OBJC_LITERAL_CONVERSION = YES;
				CLANG_WARN_OBJC_ROOT_CLASS = YES_ERROR;
				CLANG_WARN_RANGE_LOOP_ANALYSIS = YES;
				CLANG_WARN_STRICT_PROTOTYPES = YES;
				CLANG_WARN_SUSPICIOUS_MOVE = YES;
				CLANG_WARN_UNGUARDED_AVAILABILITY = YES_AGGRESSIVE;
				CLANG_WARN_UNREACHABLE_CODE = YES;
				CLANG_WARN__DUPLICATE_METHOD_MATCH = YES;
				CODE_SIGN_IDENTITY = "Mac Developer";
				COPY_PHASE_STRIP = NO;
				DEBUG_INFORMATION_FORMAT = "dwarf-with-dsym";
				ENABLE_NS_ASSERTIONS = NO;
				ENABLE_STRICT_OBJC_MSGSEND = YES;
				GCC_C_LANGUAGE_STANDARD = gnu11;
				GCC_NO_COMMON_BLOCKS = YES;
				GCC_WARN_64_TO_32_BIT_CONVERSION = YES;
				GCC_WARN_ABOUT_RETURN_TYPE = YES_ERROR;
				GCC_WARN_UNDECLARED_SELECTOR = YES;
				GCC_WARN_UNINITIALIZED_AUTOS = YES_AGGRESSIVE;
				GCC_WARN_UNUSED_FUNCTION = YES;
				GCC_WARN_UNUSED_VARIABLE = YES;
				MACOSX_DEPLOYMENT_TARGET = 10.13;
				MTL_ENABLE_DEBUG_INFO = NO;
				MTL_FAST_MATH = YES;
				SDKROOT = macosx;
				SWIFT_COMPILATION_MODE = wholemodule;
				SWIFT_OPTIMIZATION_LEVEL = "-O";
			};
			name = Release;
		};
		601E710821F8B2DA003011F8 /* Debug */ = {
			isa = XCBuildConfiguration;
			buildSettings = {
				CODE_SIGN_IDENTITY = "Mac Developer";
				CODE_SIGN_STYLE = Automatic;
				DEVELOPMENT_TEAM = CX4UW5BHC7;
				PRODUCT_NAME = "$(TARGET_NAME)";
				PROVISIONING_PROFILE_SPECIFIER = "";
				SWIFT_VERSION = 4.2;
			};
			name = Debug;
		};
		601E710921F8B2DA003011F8 /* Release */ = {
			isa = XCBuildConfiguration;
			buildSettings = {
				CODE_SIGN_IDENTITY = "Mac Developer";
				CODE_SIGN_STYLE = Automatic;
				DEVELOPMENT_TEAM = CX4UW5BHC7;
				PRODUCT_NAME = "$(TARGET_NAME)";
				PROVISIONING_PROFILE_SPECIFIER = "";
				SWIFT_VERSION = 4.2;
			};
			name = Release;
		};
		601E715D21F919A9003011F8 /* Debug */ = {
			isa = XCBuildConfiguration;
			buildSettings = {
				CODE_SIGN_STYLE = Automatic;
				COMBINE_HIDPI_IMAGES = YES;
				DEVELOPMENT_TEAM = CX4UW5BHC7;
				INFOPLIST_FILE = CoinPrototypeTest/Info.plist;
				LD_RUNPATH_SEARCH_PATHS = (
					"$(inherited)",
					"@executable_path/../Frameworks",
					"@loader_path/../Frameworks",
				);
				PRODUCT_BUNDLE_IDENTIFIER = noneinc.CoinPrototypeTest;
				PRODUCT_NAME = "$(TARGET_NAME)";
				SWIFT_VERSION = 4.2;
			};
			name = Debug;
		};
		601E715E21F919A9003011F8 /* Release */ = {
			isa = XCBuildConfiguration;
			buildSettings = {
				CODE_SIGN_STYLE = Automatic;
				COMBINE_HIDPI_IMAGES = YES;
				DEVELOPMENT_TEAM = CX4UW5BHC7;
				INFOPLIST_FILE = CoinPrototypeTest/Info.plist;
				LD_RUNPATH_SEARCH_PATHS = (
					"$(inherited)",
					"@executable_path/../Frameworks",
					"@loader_path/../Frameworks",
				);
				PRODUCT_BUNDLE_IDENTIFIER = noneinc.CoinPrototypeTest;
				PRODUCT_NAME = "$(TARGET_NAME)";
				SWIFT_VERSION = 4.2;
			};
			name = Release;
		};
/* End XCBuildConfiguration section */

/* Begin XCConfigurationList section */
		601E70FB21F8B2DA003011F8 /* Build configuration list for PBXProject "CoinSwiftPrototype" */ = {
			isa = XCConfigurationList;
			buildConfigurations = (
				601E710521F8B2DA003011F8 /* Debug */,
				601E710621F8B2DA003011F8 /* Release */,
			);
			defaultConfigurationIsVisible = 0;
			defaultConfigurationName = Release;
		};
		601E710721F8B2DA003011F8 /* Build configuration list for PBXNativeTarget "CoinSwiftPrototype" */ = {
			isa = XCConfigurationList;
			buildConfigurations = (
				601E710821F8B2DA003011F8 /* Debug */,
				601E710921F8B2DA003011F8 /* Release */,
			);
			defaultConfigurationIsVisible = 0;
			defaultConfigurationName = Release;
		};
		601E715C21F919A9003011F8 /* Build configuration list for PBXNativeTarget "CoinPrototypeTest" */ = {
			isa = XCConfigurationList;
			buildConfigurations = (
				601E715D21F919A9003011F8 /* Debug */,
				601E715E21F919A9003011F8 /* Release */,
			);
			defaultConfigurationIsVisible = 0;
			defaultConfigurationName = Release;
		};
/* End XCConfigurationList section */
	};
	rootObject = 601E70F821F8B2DA003011F8 /* Project object */;
}
